// !$*UTF8*$!
{
	archiveVersion = 1;
	classes = {
	};
	objectVersion = 56;
	objects = {

/* Begin PBXBuildFile section */
		21C20F2A2B84C42C00168EAA /* AppDelegate.swift in Sources */ = {isa = PBXBuildFile; fileRef = 21C20F292B84C42C00168EAA /* AppDelegate.swift */; };
		21C20F2C2B84C42C00168EAA /* SceneDelegate.swift in Sources */ = {isa = PBXBuildFile; fileRef = 21C20F2B2B84C42C00168EAA /* SceneDelegate.swift */; };
		21C20F2E2B84C42C00168EAA /* ViewController.swift in Sources */ = {isa = PBXBuildFile; fileRef = 21C20F2D2B84C42C00168EAA /* ViewController.swift */; };
		21C20F312B84C42C00168EAA /* Main.storyboard in Resources */ = {isa = PBXBuildFile; fileRef = 21C20F2F2B84C42C00168EAA /* Main.storyboard */; };
		21C20F342B84C42C00168EAA /* PanGestureExample.xcdatamodeld in Sources */ = {isa = PBXBuildFile; fileRef = 21C20F322B84C42C00168EAA /* PanGestureExample.xcdatamodeld */; };
		21C20F362B84C42E00168EAA /* Assets.xcassets in Resources */ = {isa = PBXBuildFile; fileRef = 21C20F352B84C42E00168EAA /* Assets.xcassets */; };
		21C20F392B84C42E00168EAA /* LaunchScreen.storyboard in Resources */ = {isa = PBXBuildFile; fileRef = 21C20F372B84C42E00168EAA /* LaunchScreen.storyboard */; };
		21C20F442B84C42E00168EAA /* PanGestureExampleTests.swift in Sources */ = {isa = PBXBuildFile; fileRef = 21C20F432B84C42E00168EAA /* PanGestureExampleTests.swift */; };
		21C20F4E2B84C42E00168EAA /* PanGestureExampleUITests.swift in Sources */ = {isa = PBXBuildFile; fileRef = 21C20F4D2B84C42E00168EAA /* PanGestureExampleUITests.swift */; };
		21C20F502B84C42E00168EAA /* PanGestureExampleUITestsLaunchTests.swift in Sources */ = {isa = PBXBuildFile; fileRef = 21C20F4F2B84C42E00168EAA /* PanGestureExampleUITestsLaunchTests.swift */; };
		21C20F5E2B84C5E600168EAA /* HomeTableViewCell.swift in Sources */ = {isa = PBXBuildFile; fileRef = 21C20F5C2B84C5E600168EAA /* HomeTableViewCell.swift */; };
		21C20F5F2B84C5E600168EAA /* HomeTableViewCell.xib in Resources */ = {isa = PBXBuildFile; fileRef = 21C20F5D2B84C5E600168EAA /* HomeTableViewCell.xib */; };
		21C20F632B8517B800168EAA /* ViewModel.swift in Sources */ = {isa = PBXBuildFile; fileRef = 21C20F622B8517B800168EAA /* ViewModel.swift */; };
/* End PBXBuildFile section */

/* Begin PBXContainerItemProxy section */
		21C20F402B84C42E00168EAA /* PBXContainerItemProxy */ = {
			isa = PBXContainerItemProxy;
			containerPortal = 21C20F1E2B84C42C00168EAA /* Project object */;
			proxyType = 1;
			remoteGlobalIDString = 21C20F252B84C42C00168EAA;
			remoteInfo = PanGestureExample;
		};
		21C20F4A2B84C42E00168EAA /* PBXContainerItemProxy */ = {
			isa = PBXContainerItemProxy;
			containerPortal = 21C20F1E2B84C42C00168EAA /* Project object */;
			proxyType = 1;
			remoteGlobalIDString = 21C20F252B84C42C00168EAA;
			remoteInfo = PanGestureExample;
		};
/* End PBXContainerItemProxy section */

/* Begin PBXFileReference section */
		21C20F262B84C42C00168EAA /* PanGestureExample.app */ = {isa = PBXFileReference; explicitFileType = wrapper.application; includeInIndex = 0; path = PanGestureExample.app; sourceTree = BUILT_PRODUCTS_DIR; };
		21C20F292B84C42C00168EAA /* AppDelegate.swift */ = {isa = PBXFileReference; lastKnownFileType = sourcecode.swift; path = AppDelegate.swift; sourceTree = "<group>"; };
		21C20F2B2B84C42C00168EAA /* SceneDelegate.swift */ = {isa = PBXFileReference; lastKnownFileType = sourcecode.swift; path = SceneDelegate.swift; sourceTree = "<group>"; };
		21C20F2D2B84C42C00168EAA /* ViewController.swift */ = {isa = PBXFileReference; lastKnownFileType = sourcecode.swift; path = ViewController.swift; sourceTree = "<group>"; };
		21C20F302B84C42C00168EAA /* Base */ = {isa = PBXFileReference; lastKnownFileType = file.storyboard; name = Base; path = Base.lproj/Main.storyboard; sourceTree = "<group>"; };
		21C20F332B84C42C00168EAA /* PanGestureExample.xcdatamodel */ = {isa = PBXFileReference; lastKnownFileType = wrapper.xcdatamodel; path = PanGestureExample.xcdatamodel; sourceTree = "<group>"; };
		21C20F352B84C42E00168EAA /* Assets.xcassets */ = {isa = PBXFileReference; lastKnownFileType = folder.assetcatalog; path = Assets.xcassets; sourceTree = "<group>"; };
		21C20F382B84C42E00168EAA /* Base */ = {isa = PBXFileReference; lastKnownFileType = file.storyboard; name = Base; path = Base.lproj/LaunchScreen.storyboard; sourceTree = "<group>"; };
		21C20F3A2B84C42E00168EAA /* Info.plist */ = {isa = PBXFileReference; lastKnownFileType = text.plist.xml; path = Info.plist; sourceTree = "<group>"; };
		21C20F3F2B84C42E00168EAA /* PanGestureExampleTests.xctest */ = {isa = PBXFileReference; explicitFileType = wrapper.cfbundle; includeInIndex = 0; path = PanGestureExampleTests.xctest; sourceTree = BUILT_PRODUCTS_DIR; };
		21C20F432B84C42E00168EAA /* PanGestureExampleTests.swift */ = {isa = PBXFileReference; lastKnownFileType = sourcecode.swift; path = PanGestureExampleTests.swift; sourceTree = "<group>"; };
		21C20F492B84C42E00168EAA /* PanGestureExampleUITests.xctest */ = {isa = PBXFileReference; explicitFileType = wrapper.cfbundle; includeInIndex = 0; path = PanGestureExampleUITests.xctest; sourceTree = BUILT_PRODUCTS_DIR; };
		21C20F4D2B84C42E00168EAA /* PanGestureExampleUITests.swift */ = {isa = PBXFileReference; lastKnownFileType = sourcecode.swift; path = PanGestureExampleUITests.swift; sourceTree = "<group>"; };
		21C20F4F2B84C42E00168EAA /* PanGestureExampleUITestsLaunchTests.swift */ = {isa = PBXFileReference; lastKnownFileType = sourcecode.swift; path = PanGestureExampleUITestsLaunchTests.swift; sourceTree = "<group>"; };
		21C20F5C2B84C5E600168EAA /* HomeTableViewCell.swift */ = {isa = PBXFileReference; fileEncoding = 4; lastKnownFileType = sourcecode.swift; path = HomeTableViewCell.swift; sourceTree = "<group>"; };
		21C20F5D2B84C5E600168EAA /* HomeTableViewCell.xib */ = {isa = PBXFileReference; fileEncoding = 4; lastKnownFileType = file.xib; path = HomeTableViewCell.xib; sourceTree = "<group>"; };
		21C20F622B8517B800168EAA /* ViewModel.swift */ = {isa = PBXFileReference; lastKnownFileType = sourcecode.swift; path = ViewModel.swift; sourceTree = "<group>"; };
/* End PBXFileReference section */

/* Begin PBXFrameworksBuildPhase section */
		21C20F232B84C42C00168EAA /* Frameworks */ = {
			isa = PBXFrameworksBuildPhase;
			buildActionMask = 2147483647;
			files = (
			);
			runOnlyForDeploymentPostprocessing = 0;
		};
		21C20F3C2B84C42E00168EAA /* Frameworks */ = {
			isa = PBXFrameworksBuildPhase;
			buildActionMask = 2147483647;
			files = (
			);
			runOnlyForDeploymentPostprocessing = 0;
		};
		21C20F462B84C42E00168EAA /* Frameworks */ = {
			isa = PBXFrameworksBuildPhase;
			buildActionMask = 2147483647;
			files = (
			);
			runOnlyForDeploymentPostprocessing = 0;
		};
/* End PBXFrameworksBuildPhase section */

/* Begin PBXGroup section */
		21C20F1D2B84C42C00168EAA = {
			isa = PBXGroup;
			children = (
				21C20F282B84C42C00168EAA /* PanGestureExample */,
				21C20F422B84C42E00168EAA /* PanGestureExampleTests */,
				21C20F4C2B84C42E00168EAA /* PanGestureExampleUITests */,
				21C20F272B84C42C00168EAA /* Products */,
			);
			sourceTree = "<group>";
		};
		21C20F272B84C42C00168EAA /* Products */ = {
			isa = PBXGroup;
			children = (
				21C20F262B84C42C00168EAA /* PanGestureExample.app */,
				21C20F3F2B84C42E00168EAA /* PanGestureExampleTests.xctest */,
				21C20F492B84C42E00168EAA /* PanGestureExampleUITests.xctest */,
			);
			name = Products;
			sourceTree = "<group>";
		};
		21C20F282B84C42C00168EAA /* PanGestureExample */ = {
			isa = PBXGroup;
			children = (
				21C20F292B84C42C00168EAA /* AppDelegate.swift */,
				21C20F2B2B84C42C00168EAA /* SceneDelegate.swift */,
				21C20F2D2B84C42C00168EAA /* ViewController.swift */,
				21C20F5C2B84C5E600168EAA /* HomeTableViewCell.swift */,
				21C20F5D2B84C5E600168EAA /* HomeTableViewCell.xib */,
				21C20F2F2B84C42C00168EAA /* Main.storyboard */,
				21C20F352B84C42E00168EAA /* Assets.xcassets */,
				21C20F372B84C42E00168EAA /* LaunchScreen.storyboard */,
				21C20F3A2B84C42E00168EAA /* Info.plist */,
				21C20F322B84C42C00168EAA /* PanGestureExample.xcdatamodeld */,
				21C20F622B8517B800168EAA /* ViewModel.swift */,
			);
			path = PanGestureExample;
			sourceTree = "<group>";
		};
		21C20F422B84C42E00168EAA /* PanGestureExampleTests */ = {
			isa = PBXGroup;
			children = (
				21C20F432B84C42E00168EAA /* PanGestureExampleTests.swift */,
			);
			path = PanGestureExampleTests;
			sourceTree = "<group>";
		};
		21C20F4C2B84C42E00168EAA /* PanGestureExampleUITests */ = {
			isa = PBXGroup;
			children = (
				21C20F4D2B84C42E00168EAA /* PanGestureExampleUITests.swift */,
				21C20F4F2B84C42E00168EAA /* PanGestureExampleUITestsLaunchTests.swift */,
			);
			path = PanGestureExampleUITests;
			sourceTree = "<group>";
		};
/* End PBXGroup section */

/* Begin PBXNativeTarget section */
		21C20F252B84C42C00168EAA /* PanGestureExample */ = {
			isa = PBXNativeTarget;
			buildConfigurationList = 21C20F532B84C42E00168EAA /* Build configuration list for PBXNativeTarget "PanGestureExample" */;
			buildPhases = (
				21C20F222B84C42C00168EAA /* Sources */,
				21C20F232B84C42C00168EAA /* Frameworks */,
				21C20F242B84C42C00168EAA /* Resources */,
			);
			buildRules = (
			);
			dependencies = (
			);
			name = PanGestureExample;
			productName = PanGestureExample;
			productReference = 21C20F262B84C42C00168EAA /* PanGestureExample.app */;
			productType = "com.apple.product-type.application";
		};
		21C20F3E2B84C42E00168EAA /* PanGestureExampleTests */ = {
			isa = PBXNativeTarget;
			buildConfigurationList = 21C20F562B84C42E00168EAA /* Build configuration list for PBXNativeTarget "PanGestureExampleTests" */;
			buildPhases = (
				21C20F3B2B84C42E00168EAA /* Sources */,
				21C20F3C2B84C42E00168EAA /* Frameworks */,
				21C20F3D2B84C42E00168EAA /* Resources */,
			);
			buildRules = (
			);
			dependencies = (
				21C20F412B84C42E00168EAA /* PBXTargetDependency */,
			);
			name = PanGestureExampleTests;
			productName = PanGestureExampleTests;
			productReference = 21C20F3F2B84C42E00168EAA /* PanGestureExampleTests.xctest */;
			productType = "com.apple.product-type.bundle.unit-test";
		};
		21C20F482B84C42E00168EAA /* PanGestureExampleUITests */ = {
			isa = PBXNativeTarget;
			buildConfigurationList = 21C20F592B84C42E00168EAA /* Build configuration list for PBXNativeTarget "PanGestureExampleUITests" */;
			buildPhases = (
				21C20F452B84C42E00168EAA /* Sources */,
				21C20F462B84C42E00168EAA /* Frameworks */,
				21C20F472B84C42E00168EAA /* Resources */,
			);
			buildRules = (
			);
			dependencies = (
				21C20F4B2B84C42E00168EAA /* PBXTargetDependency */,
			);
			name = PanGestureExampleUITests;
			productName = PanGestureExampleUITests;
			productReference = 21C20F492B84C42E00168EAA /* PanGestureExampleUITests.xctest */;
			productType = "com.apple.product-type.bundle.ui-testing";
		};
/* End PBXNativeTarget section */

/* Begin PBXProject section */
		21C20F1E2B84C42C00168EAA /* Project object */ = {
			isa = PBXProject;
			attributes = {
				BuildIndependentTargetsInParallel = 1;
				LastSwiftUpdateCheck = 1500;
				LastUpgradeCheck = 1500;
				TargetAttributes = {
					21C20F252B84C42C00168EAA = {
						CreatedOnToolsVersion = 15.0;
					};
					21C20F3E2B84C42E00168EAA = {
						CreatedOnToolsVersion = 15.0;
						TestTargetID = 21C20F252B84C42C00168EAA;
					};
					21C20F482B84C42E00168EAA = {
						CreatedOnToolsVersion = 15.0;
						TestTargetID = 21C20F252B84C42C00168EAA;
					};
				};
			};
			buildConfigurationList = 21C20F212B84C42C00168EAA /* Build configuration list for PBXProject "PanGestureExample" */;
			compatibilityVersion = "Xcode 14.0";
			developmentRegion = en;
			hasScannedForEncodings = 0;
			knownRegions = (
				en,
				Base,
			);
			mainGroup = 21C20F1D2B84C42C00168EAA;
			productRefGroup = 21C20F272B84C42C00168EAA /* Products */;
			projectDirPath = "";
			projectRoot = "";
			targets = (
				21C20F252B84C42C00168EAA /* PanGestureExample */,
				21C20F3E2B84C42E00168EAA /* PanGestureExampleTests */,
				21C20F482B84C42E00168EAA /* PanGestureExampleUITests */,
			);
		};
/* End PBXProject section */

/* Begin PBXResourcesBuildPhase section */
		21C20F242B84C42C00168EAA /* Resources */ = {
			isa = PBXResourcesBuildPhase;
			buildActionMask = 2147483647;
			files = (
				21C20F392B84C42E00168EAA /* LaunchScreen.storyboard in Resources */,
				21C20F362B84C42E00168EAA /* Assets.xcassets in Resources */,
				21C20F5F2B84C5E600168EAA /* HomeTableViewCell.xib in Resources */,
				21C20F312B84C42C00168EAA /* Main.storyboard in Resources */,
			);
			runOnlyForDeploymentPostprocessing = 0;
		};
		21C20F3D2B84C42E00168EAA /* Resources */ = {
			isa = PBXResourcesBuildPhase;
			buildActionMask = 2147483647;
			files = (
			);
			runOnlyForDeploymentPostprocessing = 0;
		};
		21C20F472B84C42E00168EAA /* Resources */ = {
			isa = PBXResourcesBuildPhase;
			buildActionMask = 2147483647;
			files = (
			);
			runOnlyForDeploymentPostprocessing = 0;
		};
/* End PBXResourcesBuildPhase section */

/* Begin PBXSourcesBuildPhase section */
		21C20F222B84C42C00168EAA /* Sources */ = {
			isa = PBXSourcesBuildPhase;
			buildActionMask = 2147483647;
			files = (
				21C20F342B84C42C00168EAA /* PanGestureExample.xcdatamodeld in Sources */,
				21C20F5E2B84C5E600168EAA /* HomeTableViewCell.swift in Sources */,
				21C20F2E2B84C42C00168EAA /* ViewController.swift in Sources */,
				21C20F2A2B84C42C00168EAA /* AppDelegate.swift in Sources */,
				21C20F632B8517B800168EAA /* ViewModel.swift in Sources */,
				21C20F2C2B84C42C00168EAA /* SceneDelegate.swift in Sources */,
			);
			runOnlyForDeploymentPostprocessing = 0;
		};
		21C20F3B2B84C42E00168EAA /* Sources */ = {
			isa = PBXSourcesBuildPhase;
			buildActionMask = 2147483647;
			files = (
				21C20F442B84C42E00168EAA /* PanGestureExampleTests.swift in Sources */,
			);
			runOnlyForDeploymentPostprocessing = 0;
		};
		21C20F452B84C42E00168EAA /* Sources */ = {
			isa = PBXSourcesBuildPhase;
			buildActionMask = 2147483647;
			files = (
				21C20F4E2B84C42E00168EAA /* PanGestureExampleUITests.swift in Sources */,
				21C20F502B84C42E00168EAA /* PanGestureExampleUITestsLaunchTests.swift in Sources */,
			);
			runOnlyForDeploymentPostprocessing = 0;
		};
/* End PBXSourcesBuildPhase section */

/* Begin PBXTargetDependency section */
		21C20F412B84C42E00168EAA /* PBXTargetDependency */ = {
			isa = PBXTargetDependency;
			target = 21C20F252B84C42C00168EAA /* PanGestureExample */;
			targetProxy = 21C20F402B84C42E00168EAA /* PBXContainerItemProxy */;
		};
		21C20F4B2B84C42E00168EAA /* PBXTargetDependency */ = {
			isa = PBXTargetDependency;
			target = 21C20F252B84C42C00168EAA /* PanGestureExample */;
			targetProxy = 21C20F4A2B84C42E00168EAA /* PBXContainerItemProxy */;
		};
/* End PBXTargetDependency section */

/* Begin PBXVariantGroup section */
		21C20F2F2B84C42C00168EAA /* Main.storyboard */ = {
			isa = PBXVariantGroup;
			children = (
				21C20F302B84C42C00168EAA /* Base */,
			);
			name = Main.storyboard;
			sourceTree = "<group>";
		};
		21C20F372B84C42E00168EAA /* LaunchScreen.storyboard */ = {
			isa = PBXVariantGroup;
			children = (
				21C20F382B84C42E00168EAA /* Base */,
			);
			name = LaunchScreen.storyboard;
			sourceTree = "<group>";
		};
/* End PBXVariantGroup section */

/* Begin XCBuildConfiguration section */
		21C20F512B84C42E00168EAA /* Debug */ = {
			isa = XCBuildConfiguration;
			buildSettings = {
				ALWAYS_SEARCH_USER_PATHS = NO;
				ASSETCATALOG_COMPILER_GENERATE_SWIFT_ASSET_SYMBOL_EXTENSIONS = YES;
				CLANG_ANALYZER_NONNULL = YES;
				CLANG_ANALYZER_NUMBER_OBJECT_CONVERSION = YES_AGGRESSIVE;
				CLANG_CXX_LANGUAGE_STANDARD = "gnu++20";
				CLANG_ENABLE_MODULES = YES;
				CLANG_ENABLE_OBJC_ARC = YES;
				CLANG_ENABLE_OBJC_WEAK = YES;
				CLANG_WARN_BLOCK_CAPTURE_AUTORELEASING = YES;
				CLANG_WARN_BOOL_CONVERSION = YES;
				CLANG_WARN_COMMA = YES;
				CLANG_WARN_CONSTANT_CONVERSION = YES;
				CLANG_WARN_DEPRECATED_OBJC_IMPLEMENTATIONS = YES;
				CLANG_WARN_DIRECT_OBJC_ISA_USAGE = YES_ERROR;
				CLANG_WARN_DOCUMENTATION_COMMENTS = YES;
				CLANG_WARN_EMPTY_BODY = YES;
				CLANG_WARN_ENUM_CONVERSION = YES;
				CLANG_WARN_INFINITE_RECURSION = YES;
				CLANG_WARN_INT_CONVERSION = YES;
				CLANG_WARN_NON_LITERAL_NULL_CONVERSION = YES;
				CLANG_WARN_OBJC_IMPLICIT_RETAIN_SELF = YES;
				CLANG_WARN_OBJC_LITERAL_CONVERSION = YES;
				CLANG_WARN_OBJC_ROOT_CLASS = YES_ERROR;
				CLANG_WARN_QUOTED_INCLUDE_IN_FRAMEWORK_HEADER = YES;
				CLANG_WARN_RANGE_LOOP_ANALYSIS = YES;
				CLANG_WARN_STRICT_PROTOTYPES = YES;
				CLANG_WARN_SUSPICIOUS_MOVE = YES;
				CLANG_WARN_UNGUARDED_AVAILABILITY = YES_AGGRESSIVE;
				CLANG_WARN_UNREACHABLE_CODE = YES;
				CLANG_WARN__DUPLICATE_METHOD_MATCH = YES;
				COPY_PHASE_STRIP = NO;
				DEBUG_INFORMATION_FORMAT = dwarf;
				ENABLE_STRICT_OBJC_MSGSEND = YES;
				ENABLE_TESTABILITY = YES;
				ENABLE_USER_SCRIPT_SANDBOXING = YES;
				GCC_C_LANGUAGE_STANDARD = gnu17;
				GCC_DYNAMIC_NO_PIC = NO;
				GCC_NO_COMMON_BLOCKS = YES;
				GCC_OPTIMIZATION_LEVEL = 0;
				GCC_PREPROCESSOR_DEFINITIONS = (
					"DEBUG=1",
					"$(inherited)",
				);
				GCC_WARN_64_TO_32_BIT_CONVERSION = YES;
				GCC_WARN_ABOUT_RETURN_TYPE = YES_ERROR;
				GCC_WARN_UNDECLARED_SELECTOR = YES;
				GCC_WARN_UNINITIALIZED_AUTOS = YES_AGGRESSIVE;
				GCC_WARN_UNUSED_FUNCTION = YES;
				GCC_WARN_UNUSED_VARIABLE = YES;
				IPHONEOS_DEPLOYMENT_TARGET = 17.0;
				LOCALIZATION_PREFERS_STRING_CATALOGS = YES;
				MTL_ENABLE_DEBUG_INFO = INCLUDE_SOURCE;
				MTL_FAST_MATH = YES;
				ONLY_ACTIVE_ARCH = YES;
				SDKROOT = iphoneos;
				SWIFT_ACTIVE_COMPILATION_CONDITIONS = "DEBUG $(inherited)";
				SWIFT_OPTIMIZATION_LEVEL = "-Onone";
			};
			name = Debug;
		};
		21C20F522B84C42E00168EAA /* Release */ = {
			isa = XCBuildConfiguration;
			buildSettings = {
				ALWAYS_SEARCH_USER_PATHS = NO;
				ASSETCATALOG_COMPILER_GENERATE_SWIFT_ASSET_SYMBOL_EXTENSIONS = YES;
				CLANG_ANALYZER_NONNULL = YES;
				CLANG_ANALYZER_NUMBER_OBJECT_CONVERSION = YES_AGGRESSIVE;
				CLANG_CXX_LANGUAGE_STANDARD = "gnu++20";
				CLANG_ENABLE_MODULES = YES;
				CLANG_ENABLE_OBJC_ARC = YES;
				CLANG_ENABLE_OBJC_WEAK = YES;
				CLANG_WARN_BLOCK_CAPTURE_AUTORELEASING = YES;
				CLANG_WARN_BOOL_CONVERSION = YES;
				CLANG_WARN_COMMA = YES;
				CLANG_WARN_CONSTANT_CONVERSION = YES;
				CLANG_WARN_DEPRECATED_OBJC_IMPLEMENTATIONS = YES;
				CLANG_WARN_DIRECT_OBJC_ISA_USAGE = YES_ERROR;
				CLANG_WARN_DOCUMENTATION_COMMENTS = YES;
				CLANG_WARN_EMPTY_BODY = YES;
				CLANG_WARN_ENUM_CONVERSION = YES;
				CLANG_WARN_INFINITE_RECURSION = YES;
				CLANG_WARN_INT_CONVERSION = YES;
				CLANG_WARN_NON_LITERAL_NULL_CONVERSION = YES;
				CLANG_WARN_OBJC_IMPLICIT_RETAIN_SELF = YES;
				CLANG_WARN_OBJC_LITERAL_CONVERSION = YES;
				CLANG_WARN_OBJC_ROOT_CLASS = YES_ERROR;
				CLANG_WARN_QUOTED_INCLUDE_IN_FRAMEWORK_HEADER = YES;
				CLANG_WARN_RANGE_LOOP_ANALYSIS = YES;
				CLANG_WARN_STRICT_PROTOTYPES = YES;
				CLANG_WARN_SUSPICIOUS_MOVE = YES;
				CLANG_WARN_UNGUARDED_AVAILABILITY = YES_AGGRESSIVE;
				CLANG_WARN_UNREACHABLE_CODE = YES;
				CLANG_WARN__DUPLICATE_METHOD_MATCH = YES;
				COPY_PHASE_STRIP = NO;
				DEBUG_INFORMATION_FORMAT = "dwarf-with-dsym";
				ENABLE_NS_ASSERTIONS = NO;
				ENABLE_STRICT_OBJC_MSGSEND = YES;
				ENABLE_USER_SCRIPT_SANDBOXING = YES;
				GCC_C_LANGUAGE_STANDARD = gnu17;
				GCC_NO_COMMON_BLOCKS = YES;
				GCC_WARN_64_TO_32_BIT_CONVERSION = YES;
				GCC_WARN_ABOUT_RETURN_TYPE = YES_ERROR;
				GCC_WARN_UNDECLARED_SELECTOR = YES;
				GCC_WARN_UNINITIALIZED_AUTOS = YES_AGGRESSIVE;
				GCC_WARN_UNUSED_FUNCTION = YES;
				GCC_WARN_UNUSED_VARIABLE = YES;
				IPHONEOS_DEPLOYMENT_TARGET = 17.0;
				LOCALIZATION_PREFERS_STRING_CATALOGS = YES;
				MTL_ENABLE_DEBUG_INFO = NO;
				MTL_FAST_MATH = YES;
				SDKROOT = iphoneos;
				SWIFT_COMPILATION_MODE = wholemodule;
				VALIDATE_PRODUCT = YES;
			};
			name = Release;
		};
		21C20F542B84C42E00168EAA /* Debug */ = {
			isa = XCBuildConfiguration;
			buildSettings = {
				ASSETCATALOG_COMPILER_APPICON_NAME = AppIcon;
				ASSETCATALOG_COMPILER_GLOBAL_ACCENT_COLOR_NAME = AccentColor;
				CODE_SIGN_STYLE = Automatic;
				CURRENT_PROJECT_VERSION = 1;
				GENERATE_INFOPLIST_FILE = YES;
				INFOPLIST_FILE = PanGestureExample/Info.plist;
				INFOPLIST_KEY_UIApplicationSupportsIndirectInputEvents = YES;
				INFOPLIST_KEY_UILaunchStoryboardName = LaunchScreen;
				INFOPLIST_KEY_UIMainStoryboardFile = Main;
				INFOPLIST_KEY_UISupportedInterfaceOrientations_iPad = "UIInterfaceOrientationPortrait UIInterfaceOrientationPortraitUpsideDown UIInterfaceOrientationLandscapeLeft UIInterfaceOrientationLandscapeRight";
				INFOPLIST_KEY_UISupportedInterfaceOrientations_iPhone = "UIInterfaceOrientationPortrait UIInterfaceOrientationLandscapeLeft UIInterfaceOrientationLandscapeRight";
				LD_RUNPATH_SEARCH_PATHS = (
					"$(inherited)",
					"@executable_path/Frameworks",
				);
				MARKETING_VERSION = 1.0;
				PRODUCT_BUNDLE_IDENTIFIER = com.PanGestureExample;
				PRODUCT_NAME = "$(TARGET_NAME)";
				SWIFT_EMIT_LOC_STRINGS = YES;
				SWIFT_VERSION = 5.0;
				TARGETED_DEVICE_FAMILY = "1,2";
			};
			name = Debug;
		};
		21C20F552B84C42E00168EAA /* Release */ = {
			isa = XCBuildConfiguration;
			buildSettings = {
				ASSETCATALOG_COMPILER_APPICON_NAME = AppIcon;
				ASSETCATALOG_COMPILER_GLOBAL_ACCENT_COLOR_NAME = AccentColor;
				CODE_SIGN_STYLE = Automatic;
				CURRENT_PROJECT_VERSION = 1;
				GENERATE_INFOPLIST_FILE = YES;
				INFOPLIST_FILE = PanGestureExample/Info.plist;
				INFOPLIST_KEY_UIApplicationSupportsIndirectInputEvents = YES;
				INFOPLIST_KEY_UILaunchStoryboardName = LaunchScreen;
				INFOPLIST_KEY_UIMainStoryboardFile = Main;
				INFOPLIST_KEY_UISupportedInterfaceOrientations_iPad = "UIInterfaceOrientationPortrait UIInterfaceOrientationPortraitUpsideDown UIInterfaceOrientationLandscapeLeft UIInterfaceOrientationLandscapeRight";
				INFOPLIST_KEY_UISupportedInterfaceOrientations_iPhone = "UIInterfaceOrientationPortrait UIInterfaceOrientationLandscapeLeft UIInterfaceOrientationLandscapeRight";
				LD_RUNPATH_SEARCH_PATHS = (
					"$(inherited)",
					"@executable_path/Frameworks",
				);
				MARKETING_VERSION = 1.0;
				PRODUCT_BUNDLE_IDENTIFIER = com.PanGestureExample;
				PRODUCT_NAME = "$(TARGET_NAME)";
				SWIFT_EMIT_LOC_STRINGS = YES;
				SWIFT_VERSION = 5.0;
				TARGETED_DEVICE_FAMILY = "1,2";
			};
			name = Release;
		};
		21C20F572B84C42E00168EAA /* Debug */ = {
			isa = XCBuildConfiguration;
			buildSettings = {
				ALWAYS_EMBED_SWIFT_STANDARD_LIBRARIES = YES;
				BUNDLE_LOADER = "$(TEST_HOST)";
				CODE_SIGN_STYLE = Automatic;
				CURRENT_PROJECT_VERSION = 1;
				GENERATE_INFOPLIST_FILE = YES;
				IPHONEOS_DEPLOYMENT_TARGET = 17.0;
				MARKETING_VERSION = 1.0;
				PRODUCT_BUNDLE_IDENTIFIER = com.PanGestureExampleTests;
				PRODUCT_NAME = "$(TARGET_NAME)";
				SWIFT_EMIT_LOC_STRINGS = NO;
				SWIFT_VERSION = 5.0;
				TARGETED_DEVICE_FAMILY = "1,2";
				TEST_HOST = "$(BUILT_PRODUCTS_DIR)/PanGestureExample.app/$(BUNDLE_EXECUTABLE_FOLDER_PATH)/PanGestureExample";
			};
			name = Debug;
		};
		21C20F582B84C42E00168EAA /* Release */ = {
			isa = XCBuildConfiguration;
			buildSettings = {
				ALWAYS_EMBED_SWIFT_STANDARD_LIBRARIES = YES;
				BUNDLE_LOADER = "$(TEST_HOST)";
				CODE_SIGN_STYLE = Automatic;
				CURRENT_PROJECT_VERSION = 1;
				GENERATE_INFOPLIST_FILE = YES;
				IPHONEOS_DEPLOYMENT_TARGET = 17.0;
				MARKETING_VERSION = 1.0;
				PRODUCT_BUNDLE_IDENTIFIER = com.PanGestureExampleTests;
				PRODUCT_NAME = "$(TARGET_NAME)";
				SWIFT_EMIT_LOC_STRINGS = NO;
				SWIFT_VERSION = 5.0;
				TARGETED_DEVICE_FAMILY = "1,2";
				TEST_HOST = "$(BUILT_PRODUCTS_DIR)/PanGestureExample.app/$(BUNDLE_EXECUTABLE_FOLDER_PATH)/PanGestureExample";
			};
			name = Release;
		};
		21C20F5A2B84C42E00168EAA /* Debug */ = {
			isa = XCBuildConfiguration;
			buildSettings = {
				ALWAYS_EMBED_SWIFT_STANDARD_LIBRARIES = YES;
				CODE_SIGN_STYLE = Automatic;
				CURRENT_PROJECT_VERSION = 1;
				GENERATE_INFOPLIST_FILE = YES;
				MARKETING_VERSION = 1.0;
				PRODUCT_BUNDLE_IDENTIFIER = com.PanGestureExampleUITests;
				PRODUCT_NAME = "$(TARGET_NAME)";
				SWIFT_EMIT_LOC_STRINGS = NO;
				SWIFT_VERSION = 5.0;
				TARGETED_DEVICE_FAMILY = "1,2";
				TEST_TARGET_NAME = PanGestureExample;
			};
			name = Debug;
		};
		21C20F5B2B84C42E00168EAA /* Release */ = {
			isa = XCBuildConfiguration;
			buildSettings = {
				ALWAYS_EMBED_SWIFT_STANDARD_LIBRARIES = YES;
				CODE_SIGN_STYLE = Automatic;
				CURRENT_PROJECT_VERSION = 1;
				GENERATE_INFOPLIST_FILE = YES;
				MARKETING_VERSION = 1.0;
				PRODUCT_BUNDLE_IDENTIFIER = com.PanGestureExampleUITests;
				PRODUCT_NAME = "$(TARGET_NAME)";
				SWIFT_EMIT_LOC_STRINGS = NO;
				SWIFT_VERSION = 5.0;
				TARGETED_DEVICE_FAMILY = "1,2";
				TEST_TARGET_NAME = PanGestureExample;
			};
			name = Release;
		};
/* End XCBuildConfiguration section */

/* Begin XCConfigurationList section */
		21C20F212B84C42C00168EAA /* Build configuration list for PBXProject "PanGestureExample" */ = {
			isa = XCConfigurationList;
			buildConfigurations = (
				21C20F512B84C42E00168EAA /* Debug */,
				21C20F522B84C42E00168EAA /* Release */,
			);
			defaultConfigurationIsVisible = 0;
			defaultConfigurationName = Release;
		};
		21C20F532B84C42E00168EAA /* Build configuration list for PBXNativeTarget "PanGestureExample" */ = {
			isa = XCConfigurationList;
			buildConfigurations = (
				21C20F542B84C42E00168EAA /* Debug */,
				21C20F552B84C42E00168EAA /* Release */,
			);
			defaultConfigurationIsVisible = 0;
			defaultConfigurationName = Release;
		};
		21C20F562B84C42E00168EAA /* Build configuration list for PBXNativeTarget "PanGestureExampleTests" */ = {
			isa = XCConfigurationList;
			buildConfigurations = (
				21C20F572B84C42E00168EAA /* Debug */,
				21C20F582B84C42E00168EAA /* Release */,
			);
			defaultConfigurationIsVisible = 0;
			defaultConfigurationName = Release;
		};
		21C20F592B84C42E00168EAA /* Build configuration list for PBXNativeTarget "PanGestureExampleUITests" */ = {
			isa = XCConfigurationList;
			buildConfigurations = (
				21C20F5A2B84C42E00168EAA /* Debug */,
				21C20F5B2B84C42E00168EAA /* Release */,
			);
			defaultConfigurationIsVisible = 0;
			defaultConfigurationName = Release;
		};
/* End XCConfigurationList section */

/* Begin XCVersionGroup section */
		21C20F322B84C42C00168EAA /* PanGestureExample.xcdatamodeld */ = {
			isa = XCVersionGroup;
			children = (
				21C20F332B84C42C00168EAA /* PanGestureExample.xcdatamodel */,
			);
			currentVersion = 21C20F332B84C42C00168EAA /* PanGestureExample.xcdatamodel */;
			path = PanGestureExample.xcdatamodeld;
			sourceTree = "<group>";
			versionGroupType = wrapper.xcdatamodel;
		};
/* End XCVersionGroup section */
	};
	rootObject = 21C20F1E2B84C42C00168EAA /* Project object */;
}
